// !$*UTF8*$!
{
	archiveVersion = 1;
	classes = {
	};
	objectVersion = 56;
	objects = {

/* Begin PBXBuildFile section */
		CB087F6F2A2F8CAE0070AB79 /* AppDelegate.swift in Sources */ = {isa = PBXBuildFile; fileRef = CB087F6E2A2F8CAE0070AB79 /* AppDelegate.swift */; };
		CB087F712A2F8CAE0070AB79 /* SceneDelegate.swift in Sources */ = {isa = PBXBuildFile; fileRef = CB087F702A2F8CAE0070AB79 /* SceneDelegate.swift */; };
		CB087F732A2F8CAE0070AB79 /* ViewController.swift in Sources */ = {isa = PBXBuildFile; fileRef = CB087F722A2F8CAE0070AB79 /* ViewController.swift */; };
		CB087F762A2F8CAE0070AB79 /* Main.storyboard in Resources */ = {isa = PBXBuildFile; fileRef = CB087F742A2F8CAE0070AB79 /* Main.storyboard */; };
		CB087F782A2F8CB00070AB79 /* Assets.xcassets in Resources */ = {isa = PBXBuildFile; fileRef = CB087F772A2F8CB00070AB79 /* Assets.xcassets */; };
		CB087F7B2A2F8CB00070AB79 /* LaunchScreen.storyboard in Resources */ = {isa = PBXBuildFile; fileRef = CB087F792A2F8CB00070AB79 /* LaunchScreen.storyboard */; };
		CB087F832A3028720070AB79 /* Color.swift in Sources */ = {isa = PBXBuildFile; fileRef = CB087F822A3028720070AB79 /* Color.swift */; };
/* End PBXBuildFile section */

/* Begin PBXFileReference section */
		CB087F6B2A2F8CAE0070AB79 /* HTTP3 iOS Test.app */ = {isa = PBXFileReference; explicitFileType = wrapper.application; includeInIndex = 0; path = "HTTP3 iOS Test.app"; sourceTree = BUILT_PRODUCTS_DIR; };
		CB087F6E2A2F8CAE0070AB79 /* AppDelegate.swift */ = {isa = PBXFileReference; lastKnownFileType = sourcecode.swift; path = AppDelegate.swift; sourceTree = "<group>"; };
		CB087F702A2F8CAE0070AB79 /* SceneDelegate.swift */ = {isa = PBXFileReference; lastKnownFileType = sourcecode.swift; path = SceneDelegate.swift; sourceTree = "<group>"; };
		CB087F722A2F8CAE0070AB79 /* ViewController.swift */ = {isa = PBXFileReference; lastKnownFileType = sourcecode.swift; path = ViewController.swift; sourceTree = "<group>"; };
		CB087F752A2F8CAE0070AB79 /* Base */ = {isa = PBXFileReference; lastKnownFileType = file.storyboard; name = Base; path = Base.lproj/Main.storyboard; sourceTree = "<group>"; };
		CB087F772A2F8CB00070AB79 /* Assets.xcassets */ = {isa = PBXFileReference; lastKnownFileType = folder.assetcatalog; path = Assets.xcassets; sourceTree = "<group>"; };
		CB087F7A2A2F8CB00070AB79 /* Base */ = {isa = PBXFileReference; lastKnownFileType = file.storyboard; name = Base; path = Base.lproj/LaunchScreen.storyboard; sourceTree = "<group>"; };
		CB087F7C2A2F8CB00070AB79 /* Info.plist */ = {isa = PBXFileReference; lastKnownFileType = text.plist.xml; path = Info.plist; sourceTree = "<group>"; };
		CB087F822A3028720070AB79 /* Color.swift */ = {isa = PBXFileReference; lastKnownFileType = sourcecode.swift; path = Color.swift; sourceTree = "<group>"; };
/* End PBXFileReference section */

/* Begin PBXFrameworksBuildPhase section */
		CB087F682A2F8CAE0070AB79 /* Frameworks */ = {
			isa = PBXFrameworksBuildPhase;
			buildActionMask = 2147483647;
			files = (
			);
			runOnlyForDeploymentPostprocessing = 0;
		};
/* End PBXFrameworksBuildPhase section */

/* Begin PBXGroup section */
		CB087F622A2F8CAE0070AB79 = {
			isa = PBXGroup;
			children = (
				CB087F6D2A2F8CAE0070AB79 /* HTTP3 iOS Test */,
				CB087F6C2A2F8CAE0070AB79 /* Products */,
			);
			sourceTree = "<group>";
		};
		CB087F6C2A2F8CAE0070AB79 /* Products */ = {
			isa = PBXGroup;
			children = (
				CB087F6B2A2F8CAE0070AB79 /* HTTP3 iOS Test.app */,
			);
			name = Products;
			sourceTree = "<group>";
		};
		CB087F6D2A2F8CAE0070AB79 /* HTTP3 iOS Test */ = {
			isa = PBXGroup;
			children = (
				CB087F6E2A2F8CAE0070AB79 /* AppDelegate.swift */,
				CB087F702A2F8CAE0070AB79 /* SceneDelegate.swift */,
				CB087F722A2F8CAE0070AB79 /* ViewController.swift */,
				CB087F742A2F8CAE0070AB79 /* Main.storyboard */,
				CB087F772A2F8CB00070AB79 /* Assets.xcassets */,
				CB087F792A2F8CB00070AB79 /* LaunchScreen.storyboard */,
				CB087F7C2A2F8CB00070AB79 /* Info.plist */,
				CB087F822A3028720070AB79 /* Color.swift */,
			);
			path = "HTTP3 iOS Test";
			sourceTree = "<group>";
		};
/* End PBXGroup section */

/* Begin PBXNativeTarget section */
		CB087F6A2A2F8CAE0070AB79 /* HTTP3 iOS Test */ = {
			isa = PBXNativeTarget;
			buildConfigurationList = CB087F7F2A2F8CB00070AB79 /* Build configuration list for PBXNativeTarget "HTTP3 iOS Test" */;
			buildPhases = (
				CB087F672A2F8CAE0070AB79 /* Sources */,
				CB087F682A2F8CAE0070AB79 /* Frameworks */,
				CB087F692A2F8CAE0070AB79 /* Resources */,
			);
			buildRules = (
			);
			dependencies = (
			);
			name = "HTTP3 iOS Test";
			productName = "HTTP3 iOS Test";
			productReference = CB087F6B2A2F8CAE0070AB79 /* HTTP3 iOS Test.app */;
			productType = "com.apple.product-type.application";
		};
/* End PBXNativeTarget section */

/* Begin PBXProject section */
		CB087F632A2F8CAE0070AB79 /* Project object */ = {
			isa = PBXProject;
			attributes = {
				BuildIndependentTargetsInParallel = 1;
				LastSwiftUpdateCheck = 1420;
				LastUpgradeCheck = 1420;
				TargetAttributes = {
					CB087F6A2A2F8CAE0070AB79 = {
						CreatedOnToolsVersion = 14.2;
					};
				};
			};
			buildConfigurationList = CB087F662A2F8CAE0070AB79 /* Build configuration list for PBXProject "HTTP3 iOS Test" */;
			compatibilityVersion = "Xcode 14.0";
			developmentRegion = en;
			hasScannedForEncodings = 0;
			knownRegions = (
				en,
				Base,
			);
			mainGroup = CB087F622A2F8CAE0070AB79;
			productRefGroup = CB087F6C2A2F8CAE0070AB79 /* Products */;
			projectDirPath = "";
			projectRoot = "";
			targets = (
				CB087F6A2A2F8CAE0070AB79 /* HTTP3 iOS Test */,
			);
		};
/* End PBXProject section */

/* Begin PBXResourcesBuildPhase section */
		CB087F692A2F8CAE0070AB79 /* Resources */ = {
			isa = PBXResourcesBuildPhase;
			buildActionMask = 2147483647;
			files = (
				CB087F7B2A2F8CB00070AB79 /* LaunchScreen.storyboard in Resources */,
				CB087F782A2F8CB00070AB79 /* Assets.xcassets in Resources */,
				CB087F762A2F8CAE0070AB79 /* Main.storyboard in Resources */,
			);
			runOnlyForDeploymentPostprocessing = 0;
		};
/* End PBXResourcesBuildPhase section */

/* Begin PBXSourcesBuildPhase section */
		CB087F672A2F8CAE0070AB79 /* Sources */ = {
			isa = PBXSourcesBuildPhase;
			buildActionMask = 2147483647;
			files = (
				CB087F732A2F8CAE0070AB79 /* ViewController.swift in Sources */,
				CB087F832A3028720070AB79 /* Color.swift in Sources */,
				CB087F6F2A2F8CAE0070AB79 /* AppDelegate.swift in Sources */,
				CB087F712A2F8CAE0070AB79 /* SceneDelegate.swift in Sources */,
			);
			runOnlyForDeploymentPostprocessing = 0;
		};
/* End PBXSourcesBuildPhase section */

/* Begin PBXVariantGroup section */
		CB087F742A2F8CAE0070AB79 /* Main.storyboard */ = {
			isa = PBXVariantGroup;
			children = (
				CB087F752A2F8CAE0070AB79 /* Base */,
			);
			name = Main.storyboard;
			sourceTree = "<group>";
		};
		CB087F792A2F8CB00070AB79 /* LaunchScreen.storyboard */ = {
			isa = PBXVariantGroup;
			children = (
				CB087F7A2A2F8CB00070AB79 /* Base */,
			);
			name = LaunchScreen.storyboard;
			sourceTree = "<group>";
		};
/* End PBXVariantGroup section */

/* Begin XCBuildConfiguration section */
		CB087F7D2A2F8CB00070AB79 /* Debug */ = {
			isa = XCBuildConfiguration;
			buildSettings = {
				ALWAYS_SEARCH_USER_PATHS = NO;
				CLANG_ANALYZER_NONNULL = YES;
				CLANG_ANALYZER_NUMBER_OBJECT_CONVERSION = YES_AGGRESSIVE;
				CLANG_CXX_LANGUAGE_STANDARD = "gnu++20";
				CLANG_ENABLE_MODULES = YES;
				CLANG_ENABLE_OBJC_ARC = YES;
				CLANG_ENABLE_OBJC_WEAK = YES;
				CLANG_WARN_BLOCK_CAPTURE_AUTORELEASING = YES;
				CLANG_WARN_BOOL_CONVERSION = YES;
				CLANG_WARN_COMMA = YES;
				CLANG_WARN_CONSTANT_CONVERSION = YES;
				CLANG_WARN_DEPRECATED_OBJC_IMPLEMENTATIONS = YES;
				CLANG_WARN_DIRECT_OBJC_ISA_USAGE = YES_ERROR;
				CLANG_WARN_DOCUMENTATION_COMMENTS = YES;
				CLANG_WARN_EMPTY_BODY = YES;
				CLANG_WARN_ENUM_CONVERSION = YES;
				CLANG_WARN_INFINITE_RECURSION = YES;
				CLANG_WARN_INT_CONVERSION = YES;
				CLANG_WARN_NON_LITERAL_NULL_CONVERSION = YES;
				CLANG_WARN_OBJC_IMPLICIT_RETAIN_SELF = YES;
				CLANG_WARN_OBJC_LITERAL_CONVERSION = YES;
				CLANG_WARN_OBJC_ROOT_CLASS = YES_ERROR;
				CLANG_WARN_QUOTED_INCLUDE_IN_FRAMEWORK_HEADER = YES;
				CLANG_WARN_RANGE_LOOP_ANALYSIS = YES;
				CLANG_WARN_STRICT_PROTOTYPES = YES;
				CLANG_WARN_SUSPICIOUS_MOVE = YES;
				CLANG_WARN_UNGUARDED_AVAILABILITY = YES_AGGRESSIVE;
				CLANG_WARN_UNREACHABLE_CODE = YES;
				CLANG_WARN__DUPLICATE_METHOD_MATCH = YES;
				COPY_PHASE_STRIP = NO;
				DEBUG_INFORMATION_FORMAT = dwarf;
				ENABLE_STRICT_OBJC_MSGSEND = YES;
				ENABLE_TESTABILITY = YES;
				GCC_C_LANGUAGE_STANDARD = gnu11;
				GCC_DYNAMIC_NO_PIC = NO;
				GCC_NO_COMMON_BLOCKS = YES;
				GCC_OPTIMIZATION_LEVEL = 0;
				GCC_PREPROCESSOR_DEFINITIONS = (
					"DEBUG=1",
					"$(inherited)",
				);
				GCC_WARN_64_TO_32_BIT_CONVERSION = YES;
				GCC_WARN_ABOUT_RETURN_TYPE = YES_ERROR;
				GCC_WARN_UNDECLARED_SELECTOR = YES;
				GCC_WARN_UNINITIALIZED_AUTOS = YES_AGGRESSIVE;
				GCC_WARN_UNUSED_FUNCTION = YES;
				GCC_WARN_UNUSED_VARIABLE = YES;
				IPHONEOS_DEPLOYMENT_TARGET = 16.2;
				MTL_ENABLE_DEBUG_INFO = INCLUDE_SOURCE;
				MTL_FAST_MATH = YES;
				ONLY_ACTIVE_ARCH = YES;
				SDKROOT = iphoneos;
				SWIFT_ACTIVE_COMPILATION_CONDITIONS = DEBUG;
				SWIFT_OPTIMIZATION_LEVEL = "-Onone";
			};
			name = Debug;
		};
		CB087F7E2A2F8CB00070AB79 /* Release */ = {
			isa = XCBuildConfiguration;
			buildSettings = {
				ALWAYS_SEARCH_USER_PATHS = NO;
				CLANG_ANALYZER_NONNULL = YES;
				CLANG_ANALYZER_NUMBER_OBJECT_CONVERSION = YES_AGGRESSIVE;
				CLANG_CXX_LANGUAGE_STANDARD = "gnu++20";
				CLANG_ENABLE_MODULES = YES;
				CLANG_ENABLE_OBJC_ARC = YES;
				CLANG_ENABLE_OBJC_WEAK = YES;
				CLANG_WARN_BLOCK_CAPTURE_AUTORELEASING = YES;
				CLANG_WARN_BOOL_CONVERSION = YES;
				CLANG_WARN_COMMA = YES;
				CLANG_WARN_CONSTANT_CONVERSION = YES;
				CLANG_WARN_DEPRECATED_OBJC_IMPLEMENTATIONS = YES;
				CLANG_WARN_DIRECT_OBJC_ISA_USAGE = YES_ERROR;
				CLANG_WARN_DOCUMENTATION_COMMENTS = YES;
				CLANG_WARN_EMPTY_BODY = YES;
				CLANG_WARN_ENUM_CONVERSION = YES;
				CLANG_WARN_INFINITE_RECURSION = YES;
				CLANG_WARN_INT_CONVERSION = YES;
				CLANG_WARN_NON_LITERAL_NULL_CONVERSION = YES;
				CLANG_WARN_OBJC_IMPLICIT_RETAIN_SELF = YES;
				CLANG_WARN_OBJC_LITERAL_CONVERSION = YES;
				CLANG_WARN_OBJC_ROOT_CLASS = YES_ERROR;
				CLANG_WARN_QUOTED_INCLUDE_IN_FRAMEWORK_HEADER = YES;
				CLANG_WARN_RANGE_LOOP_ANALYSIS = YES;
				CLANG_WARN_STRICT_PROTOTYPES = YES;
				CLANG_WARN_SUSPICIOUS_MOVE = YES;
				CLANG_WARN_UNGUARDED_AVAILABILITY = YES_AGGRESSIVE;
				CLANG_WARN_UNREACHABLE_CODE = YES;
				CLANG_WARN__DUPLICATE_METHOD_MATCH = YES;
				COPY_PHASE_STRIP = NO;
				DEBUG_INFORMATION_FORMAT = "dwarf-with-dsym";
				ENABLE_NS_ASSERTIONS = NO;
				ENABLE_STRICT_OBJC_MSGSEND = YES;
				GCC_C_LANGUAGE_STANDARD = gnu11;
				GCC_NO_COMMON_BLOCKS = YES;
				GCC_WARN_64_TO_32_BIT_CONVERSION = YES;
				GCC_WARN_ABOUT_RETURN_TYPE = YES_ERROR;
				GCC_WARN_UNDECLARED_SELECTOR = YES;
				GCC_WARN_UNINITIALIZED_AUTOS = YES_AGGRESSIVE;
				GCC_WARN_UNUSED_FUNCTION = YES;
				GCC_WARN_UNUSED_VARIABLE = YES;
				IPHONEOS_DEPLOYMENT_TARGET = 16.2;
				MTL_ENABLE_DEBUG_INFO = NO;
				MTL_FAST_MATH = YES;
				SDKROOT = iphoneos;
				SWIFT_COMPILATION_MODE = wholemodule;
				SWIFT_OPTIMIZATION_LEVEL = "-O";
				VALIDATE_PRODUCT = YES;
			};
			name = Release;
		};
		CB087F802A2F8CB00070AB79 /* Debug */ = {
			isa = XCBuildConfiguration;
			buildSettings = {
				ASSETCATALOG_COMPILER_APPICON_NAME = AppIcon;
				ASSETCATALOG_COMPILER_GLOBAL_ACCENT_COLOR_NAME = AccentColor;
				CODE_SIGN_STYLE = Automatic;
				CURRENT_PROJECT_VERSION = 1;
				DEVELOPMENT_TEAM = 34J2969FLB;
				GENERATE_INFOPLIST_FILE = YES;
				INFOPLIST_FILE = "HTTP3 iOS Test/Info.plist";
				INFOPLIST_KEY_UIApplicationSupportsIndirectInputEvents = YES;
				INFOPLIST_KEY_UILaunchStoryboardName = LaunchScreen;
				INFOPLIST_KEY_UIMainStoryboardFile = Main;
				INFOPLIST_KEY_UISupportedInterfaceOrientations_iPad = "UIInterfaceOrientationPortrait UIInterfaceOrientationPortraitUpsideDown UIInterfaceOrientationLandscapeLeft UIInterfaceOrientationLandscapeRight";
				INFOPLIST_KEY_UISupportedInterfaceOrientations_iPhone = "UIInterfaceOrientationPortrait UIInterfaceOrientationLandscapeLeft UIInterfaceOrientationLandscapeRight";
				LD_RUNPATH_SEARCH_PATHS = (
					"$(inherited)",
					"@executable_path/Frameworks",
				);
				MARKETING_VERSION = 1.0;
				PRODUCT_BUNDLE_IDENTIFIER = "com.laguerdo.HTTP3-iOS-Test";
				PRODUCT_NAME = "$(TARGET_NAME)";
				SWIFT_EMIT_LOC_STRINGS = YES;
				SWIFT_VERSION = 5.0;
				TARGETED_DEVICE_FAMILY = "1,2";
			};
			name = Debug;
		};
		CB087F812A2F8CB00070AB79 /* Release */ = {
			isa = XCBuildConfiguration;
			buildSettings = {
				ASSETCATALOG_COMPILER_APPICON_NAME = AppIcon;
				ASSETCATALOG_COMPILER_GLOBAL_ACCENT_COLOR_NAME = AccentColor;
				CODE_SIGN_STYLE = Automatic;
				CURRENT_PROJECT_VERSION = 1;
				DEVELOPMENT_TEAM = 34J2969FLB;
				GENERATE_INFOPLIST_FILE = YES;
				INFOPLIST_FILE = "HTTP3 iOS Test/Info.plist";
				INFOPLIST_KEY_UIApplicationSupportsIndirectInputEvents = YES;
				INFOPLIST_KEY_UILaunchStoryboardName = LaunchScreen;
				INFOPLIST_KEY_UIMainStoryboardFile = Main;
				INFOPLIST_KEY_UISupportedInterfaceOrientations_iPad = "UIInterfaceOrientationPortrait UIInterfaceOrientationPortraitUpsideDown UIInterfaceOrientationLandscapeLeft UIInterfaceOrientationLandscapeRight";
				INFOPLIST_KEY_UISupportedInterfaceOrientations_iPhone = "UIInterfaceOrientationPortrait UIInterfaceOrientationLandscapeLeft UIInterfaceOrientationLandscapeRight";
				LD_RUNPATH_SEARCH_PATHS = (
					"$(inherited)",
					"@executable_path/Frameworks",
				);
				MARKETING_VERSION = 1.0;
				PRODUCT_BUNDLE_IDENTIFIER = "com.laguerdo.HTTP3-iOS-Test";
				PRODUCT_NAME = "$(TARGET_NAME)";
				SWIFT_EMIT_LOC_STRINGS = YES;
				SWIFT_VERSION = 5.0;
				TARGETED_DEVICE_FAMILY = "1,2";
			};
			name = Release;
		};
/* End XCBuildConfiguration section */

/* Begin XCConfigurationList section */
		CB087F662A2F8CAE0070AB79 /* Build configuration list for PBXProject "HTTP3 iOS Test" */ = {
			isa = XCConfigurationList;
			buildConfigurations = (
				CB087F7D2A2F8CB00070AB79 /* Debug */,
				CB087F7E2A2F8CB00070AB79 /* Release */,
			);
			defaultConfigurationIsVisible = 0;
			defaultConfigurationName = Release;
		};
		CB087F7F2A2F8CB00070AB79 /* Build configuration list for PBXNativeTarget "HTTP3 iOS Test" */ = {
			isa = XCConfigurationList;
			buildConfigurations = (
				CB087F802A2F8CB00070AB79 /* Debug */,
				CB087F812A2F8CB00070AB79 /* Release */,
			);
			defaultConfigurationIsVisible = 0;
			defaultConfigurationName = Release;
		};
/* End XCConfigurationList section */
	};
	rootObject = CB087F632A2F8CAE0070AB79 /* Project object */;
}
